// !$*UTF8*$!
{
	archiveVersion = 1;
	classes = {
	};
	objectVersion = 46;
	objects = {

/* Begin PBXBuildFile section */
		22B3700C19F808C80027AD63 /* main.m in Sources */ = {isa = PBXBuildFile; fileRef = 22B3700B19F808C80027AD63 /* main.m */; };
		22B3700F19F808C80027AD63 /* AppDelegate.m in Sources */ = {isa = PBXBuildFile; fileRef = 22B3700E19F808C80027AD63 /* AppDelegate.m */; };
		22B3701219F808C80027AD63 /* ViewController.m in Sources */ = {isa = PBXBuildFile; fileRef = 22B3701119F808C80027AD63 /* ViewController.m */; };
		22B3701519F808C80027AD63 /* Main.storyboard in Resources */ = {isa = PBXBuildFile; fileRef = 22B3701319F808C80027AD63 /* Main.storyboard */; };
		22B3701719F808C80027AD63 /* Images.xcassets in Resources */ = {isa = PBXBuildFile; fileRef = 22B3701619F808C80027AD63 /* Images.xcassets */; };
		22B3701A19F808C80027AD63 /* LaunchScreen.xib in Resources */ = {isa = PBXBuildFile; fileRef = 22B3701819F808C80027AD63 /* LaunchScreen.xib */; };
		22B3702619F808C80027AD63 /* FacebookDemoTests.m in Sources */ = {isa = PBXBuildFile; fileRef = 22B3702519F808C80027AD63 /* FacebookDemoTests.m */; };
/* End PBXBuildFile section */

/* Begin PBXContainerItemProxy section */
		22B3702019F808C80027AD63 /* PBXContainerItemProxy */ = {
			isa = PBXContainerItemProxy;
			containerPortal = 22B36FFE19F808C80027AD63 /* Project object */;
			proxyType = 1;
			remoteGlobalIDString = 22B3700519F808C80027AD63;
			remoteInfo = FacebookDemo;
		};
/* End PBXContainerItemProxy section */

/* Begin PBXFileReference section */
		22B3700619F808C80027AD63 /* FacebookDemo.app */ = {isa = PBXFileReference; explicitFileType = wrapper.application; includeInIndex = 0; path = FacebookDemo.app; sourceTree = BUILT_PRODUCTS_DIR; };
		22B3700A19F808C80027AD63 /* Info.plist */ = {isa = PBXFileReference; lastKnownFileType = text.plist.xml; path = Info.plist; sourceTree = "<group>"; };
		22B3700B19F808C80027AD63 /* main.m */ = {isa = PBXFileReference; lastKnownFileType = sourcecode.c.objc; path = main.m; sourceTree = "<group>"; };
		22B3700D19F808C80027AD63 /* AppDelegate.h */ = {isa = PBXFileReference; lastKnownFileType = sourcecode.c.h; path = AppDelegate.h; sourceTree = "<group>"; };
		22B3700E19F808C80027AD63 /* AppDelegate.m */ = {isa = PBXFileReference; lastKnownFileType = sourcecode.c.objc; path = AppDelegate.m; sourceTree = "<group>"; };
		22B3701019F808C80027AD63 /* ViewController.h */ = {isa = PBXFileReference; lastKnownFileType = sourcecode.c.h; path = ViewController.h; sourceTree = "<group>"; };
		22B3701119F808C80027AD63 /* ViewController.m */ = {isa = PBXFileReference; lastKnownFileType = sourcecode.c.objc; path = ViewController.m; sourceTree = "<group>"; };
		22B3701419F808C80027AD63 /* Base */ = {isa = PBXFileReference; lastKnownFileType = file.storyboard; name = Base; path = Base.lproj/Main.storyboard; sourceTree = "<group>"; };
		22B3701619F808C80027AD63 /* Images.xcassets */ = {isa = PBXFileReference; lastKnownFileType = folder.assetcatalog; path = Images.xcassets; sourceTree = "<group>"; };
		22B3701919F808C80027AD63 /* Base */ = {isa = PBXFileReference; lastKnownFileType = file.xib; name = Base; path = Base.lproj/LaunchScreen.xib; sourceTree = "<group>"; };
		22B3701F19F808C80027AD63 /* FacebookDemoTests.xctest */ = {isa = PBXFileReference; explicitFileType = wrapper.cfbundle; includeInIndex = 0; path = FacebookDemoTests.xctest; sourceTree = BUILT_PRODUCTS_DIR; };
		22B3702419F808C80027AD63 /* Info.plist */ = {isa = PBXFileReference; lastKnownFileType = text.plist.xml; path = Info.plist; sourceTree = "<group>"; };
		22B3702519F808C80027AD63 /* FacebookDemoTests.m */ = {isa = PBXFileReference; lastKnownFileType = sourcecode.c.objc; path = FacebookDemoTests.m; sourceTree = "<group>"; };
/* End PBXFileReference section */

/* Begin PBXFrameworksBuildPhase section */
		22B3700319F808C80027AD63 /* Frameworks */ = {
			isa = PBXFrameworksBuildPhase;
			buildActionMask = 2147483647;
			files = (
			);
			runOnlyForDeploymentPostprocessing = 0;
		};
		22B3701C19F808C80027AD63 /* Frameworks */ = {
			isa = PBXFrameworksBuildPhase;
			buildActionMask = 2147483647;
			files = (
			);
			runOnlyForDeploymentPostprocessing = 0;
		};
/* End PBXFrameworksBuildPhase section */

/* Begin PBXGroup section */
		22B36FFD19F808C80027AD63 = {
			isa = PBXGroup;
			children = (
				22B3700819F808C80027AD63 /* FacebookDemo */,
				22B3702219F808C80027AD63 /* FacebookDemoTests */,
				22B3700719F808C80027AD63 /* Products */,
			);
			sourceTree = "<group>";
		};
		22B3700719F808C80027AD63 /* Products */ = {
			isa = PBXGroup;
			children = (
				22B3700619F808C80027AD63 /* FacebookDemo.app */,
				22B3701F19F808C80027AD63 /* FacebookDemoTests.xctest */,
			);
			name = Products;
			sourceTree = "<group>";
		};
		22B3700819F808C80027AD63 /* FacebookDemo */ = {
			isa = PBXGroup;
			children = (
				22B3700D19F808C80027AD63 /* AppDelegate.h */,
				22B3700E19F808C80027AD63 /* AppDelegate.m */,
				22B3701019F808C80027AD63 /* ViewController.h */,
				22B3701119F808C80027AD63 /* ViewController.m */,
				22B3701319F808C80027AD63 /* Main.storyboard */,
				22B3701619F808C80027AD63 /* Images.xcassets */,
				22B3701819F808C80027AD63 /* LaunchScreen.xib */,
				22B3700919F808C80027AD63 /* Supporting Files */,
			);
			path = FacebookDemo;
			sourceTree = "<group>";
		};
		22B3700919F808C80027AD63 /* Supporting Files */ = {
			isa = PBXGroup;
			children = (
				22B3700A19F808C80027AD63 /* Info.plist */,
				22B3700B19F808C80027AD63 /* main.m */,
			);
			name = "Supporting Files";
			sourceTree = "<group>";
		};
		22B3702219F808C80027AD63 /* FacebookDemoTests */ = {
			isa = PBXGroup;
			children = (
				22B3702519F808C80027AD63 /* FacebookDemoTests.m */,
				22B3702319F808C80027AD63 /* Supporting Files */,
			);
			path = FacebookDemoTests;
			sourceTree = "<group>";
		};
		22B3702319F808C80027AD63 /* Supporting Files */ = {
			isa = PBXGroup;
			children = (
				22B3702419F808C80027AD63 /* Info.plist */,
			);
			name = "Supporting Files";
			sourceTree = "<group>";
		};
/* End PBXGroup section */

/* Begin PBXNativeTarget section */
		22B3700519F808C80027AD63 /* FacebookDemo */ = {
			isa = PBXNativeTarget;
			buildConfigurationList = 22B3702919F808C80027AD63 /* Build configuration list for PBXNativeTarget "FacebookDemo" */;
			buildPhases = (
				22B3700219F808C80027AD63 /* Sources */,
				22B3700319F808C80027AD63 /* Frameworks */,
				22B3700419F808C80027AD63 /* Resources */,
			);
			buildRules = (
			);
			dependencies = (
			);
			name = FacebookDemo;
			productName = FacebookDemo;
			productReference = 22B3700619F808C80027AD63 /* FacebookDemo.app */;
			productType = "com.apple.product-type.application";
		};
		22B3701E19F808C80027AD63 /* FacebookDemoTests */ = {
			isa = PBXNativeTarget;
			buildConfigurationList = 22B3702C19F808C80027AD63 /* Build configuration list for PBXNativeTarget "FacebookDemoTests" */;
			buildPhases = (
				22B3701B19F808C80027AD63 /* Sources */,
				22B3701C19F808C80027AD63 /* Frameworks */,
				22B3701D19F808C80027AD63 /* Resources */,
			);
			buildRules = (
			);
			dependencies = (
				22B3702119F808C80027AD63 /* PBXTargetDependency */,
			);
			name = FacebookDemoTests;
			productName = FacebookDemoTests;
			productReference = 22B3701F19F808C80027AD63 /* FacebookDemoTests.xctest */;
			productType = "com.apple.product-type.bundle.unit-test";
		};
/* End PBXNativeTarget section */

/* Begin PBXProject section */
		22B36FFE19F808C80027AD63 /* Project object */ = {
			isa = PBXProject;
			attributes = {
				LastUpgradeCheck = 0600;
				ORGANIZATIONNAME = "Timothy Lee";
				TargetAttributes = {
					22B3700519F808C80027AD63 = {
						CreatedOnToolsVersion = 6.0;
					};
					22B3701E19F808C80027AD63 = {
						CreatedOnToolsVersion = 6.0;
						TestTargetID = 22B3700519F808C80027AD63;
					};
				};
			};
			buildConfigurationList = 22B3700119F808C80027AD63 /* Build configuration list for PBXProject "FacebookDemo" */;
			compatibilityVersion = "Xcode 3.2";
			developmentRegion = English;
			hasScannedForEncodings = 0;
			knownRegions = (
				en,
				Base,
			);
			mainGroup = 22B36FFD19F808C80027AD63;
			productRefGroup = 22B3700719F808C80027AD63 /* Products */;
			projectDirPath = "";
			projectRoot = "";
			targets = (
				22B3700519F808C80027AD63 /* FacebookDemo */,
				22B3701E19F808C80027AD63 /* FacebookDemoTests */,
			);
		};
/* End PBXProject section */

/* Begin PBXResourcesBuildPhase section */
		22B3700419F808C80027AD63 /* Resources */ = {
			isa = PBXResourcesBuildPhase;
			buildActionMask = 2147483647;
			files = (
				22B3701519F808C80027AD63 /* Main.storyboard in Resources */,
				22B3701A19F808C80027AD63 /* LaunchScreen.xib in Resources */,
				22B3701719F808C80027AD63 /* Images.xcassets in Resources */,
			);
			runOnlyForDeploymentPostprocessing = 0;
		};
		22B3701D19F808C80027AD63 /* Resources */ = {
			isa = PBXResourcesBuildPhase;
			buildActionMask = 2147483647;
			files = (
			);
			runOnlyForDeploymentPostprocessing = 0;
		};
/* End PBXResourcesBuildPhase section */

/* Begin PBXSourcesBuildPhase section */
		22B3700219F808C80027AD63 /* Sources */ = {
			isa = PBXSourcesBuildPhase;
			buildActionMask = 2147483647;
			files = (
				22B3701219F808C80027AD63 /* ViewController.m in Sources */,
				22B3700F19F808C80027AD63 /* AppDelegate.m in Sources */,
				22B3700C19F808C80027AD63 /* main.m in Sources */,
			);
			runOnlyForDeploymentPostprocessing = 0;
		};
		22B3701B19F808C80027AD63 /* Sources */ = {
			isa = PBXSourcesBuildPhase;
			buildActionMask = 2147483647;
			files = (
				22B3702619F808C80027AD63 /* FacebookDemoTests.m in Sources */,
			);
			runOnlyForDeploymentPostprocessing = 0;
		};
/* End PBXSourcesBuildPhase section */

/* Begin PBXTargetDependency section */
		22B3702119F808C80027AD63 /* PBXTargetDependency */ = {
			isa = PBXTargetDependency;
			target = 22B3700519F808C80027AD63 /* FacebookDemo */;
			targetProxy = 22B3702019F808C80027AD63 /* PBXContainerItemProxy */;
		};
/* End PBXTargetDependency section */

/* Begin PBXVariantGroup section */
		22B3701319F808C80027AD63 /* Main.storyboard */ = {
			isa = PBXVariantGroup;
			children = (
				22B3701419F808C80027AD63 /* Base */,
			);
			name = Main.storyboard;
			sourceTree = "<group>";
		};
		22B3701819F808C80027AD63 /* LaunchScreen.xib */ = {
			isa = PBXVariantGroup;
			children = (
				22B3701919F808C80027AD63 /* Base */,
			);
			name = LaunchScreen.xib;
			sourceTree = "<group>";
		};
/* End PBXVariantGroup section */

/* Begin XCBuildConfiguration section */
		22B3702719F808C80027AD63 /* Debug */ = {
			isa = XCBuildConfiguration;
			buildSettings = {
				ALWAYS_SEARCH_USER_PATHS = NO;
				CLANG_CXX_LANGUAGE_STANDARD = "gnu++0x";
				CLANG_CXX_LIBRARY = "libc++";
				CLANG_ENABLE_MODULES = YES;
				CLANG_ENABLE_OBJC_ARC = YES;
				CLANG_WARN_BOOL_CONVERSION = YES;
				CLANG_WARN_CONSTANT_CONVERSION = YES;
				CLANG_WARN_DIRECT_OBJC_ISA_USAGE = YES_ERROR;
				CLANG_WARN_EMPTY_BODY = YES;
				CLANG_WARN_ENUM_CONVERSION = YES;
				CLANG_WARN_INT_CONVERSION = YES;
				CLANG_WARN_OBJC_ROOT_CLASS = YES_ERROR;
				CLANG_WARN_UNREACHABLE_CODE = YES;
				CLANG_WARN__DUPLICATE_METHOD_MATCH = YES;
				"CODE_SIGN_IDENTITY[sdk=iphoneos*]" = "iPhone Developer";
				COPY_PHASE_STRIP = NO;
				ENABLE_STRICT_OBJC_MSGSEND = YES;
				GCC_C_LANGUAGE_STANDARD = gnu99;
				GCC_DYNAMIC_NO_PIC = NO;
				GCC_OPTIMIZATION_LEVEL = 0;
				GCC_PREPROCESSOR_DEFINITIONS = (
					"DEBUG=1",
					"$(inherited)",
				);
				GCC_SYMBOLS_PRIVATE_EXTERN = NO;
				GCC_WARN_64_TO_32_BIT_CONVERSION = YES;
				GCC_WARN_ABOUT_RETURN_TYPE = YES_ERROR;
				GCC_WARN_UNDECLARED_SELECTOR = YES;
				GCC_WARN_UNINITIALIZED_AUTOS = YES_AGGRESSIVE;
				GCC_WARN_UNUSED_FUNCTION = YES;
				GCC_WARN_UNUSED_VARIABLE = YES;
				IPHONEOS_DEPLOYMENT_TARGET = 8.0;
				MTL_ENABLE_DEBUG_INFO = YES;
				ONLY_ACTIVE_ARCH = YES;
				SDKROOT = iphoneos;
			};
			name = Debug;
		};
		22B3702819F808C80027AD63 /* Release */ = {
			isa = XCBuildConfiguration;
			buildSettings = {
				ALWAYS_SEARCH_USER_PATHS = NO;
				CLANG_CXX_LANGUAGE_STANDARD = "gnu++0x";
				CLANG_CXX_LIBRARY = "libc++";
				CLANG_ENABLE_MODULES = YES;
				CLANG_ENABLE_OBJC_ARC = YES;
				CLANG_WARN_BOOL_CONVERSION = YES;
				CLANG_WARN_CONSTANT_CONVERSION = YES;
				CLANG_WARN_DIRECT_OBJC_ISA_USAGE = YES_ERROR;
				CLANG_WARN_EMPTY_BODY = YES;
				CLANG_WARN_ENUM_CONVERSION = YES;
				CLANG_WARN_INT_CONVERSION = YES;
				CLANG_WARN_OBJC_ROOT_CLASS = YES_ERROR;
				CLANG_WARN_UNREACHABLE_CODE = YES;
				CLANG_WARN__DUPLICATE_METHOD_MATCH = YES;
				"CODE_SIGN_IDENTITY[sdk=iphoneos*]" = "iPhone Developer";
				COPY_PHASE_STRIP = YES;
				ENABLE_NS_ASSERTIONS = NO;
				ENABLE_STRICT_OBJC_MSGSEND = YES;
				GCC_C_LANGUAGE_STANDARD = gnu99;
				GCC_WARN_64_TO_32_BIT_CONVERSION = YES;
				GCC_WARN_ABOUT_RETURN_TYPE = YES_ERROR;
				GCC_WARN_UNDECLARED_SELECTOR = YES;
				GCC_WARN_UNINITIALIZED_AUTOS = YES_AGGRESSIVE;
				GCC_WARN_UNUSED_FUNCTION = YES;
				GCC_WARN_UNUSED_VARIABLE = YES;
				IPHONEOS_DEPLOYMENT_TARGET = 8.0;
				MTL_ENABLE_DEBUG_INFO = NO;
				SDKROOT = iphoneos;
				VALIDATE_PRODUCT = YES;
			};
			name = Release;
		};
		22B3702A19F808C80027AD63 /* Debug */ = {
			isa = XCBuildConfiguration;
			buildSettings = {
				ASSETCATALOG_COMPILER_APPICON_NAME = AppIcon;
				INFOPLIST_FILE = FacebookDemo/Info.plist;
				LD_RUNPATH_SEARCH_PATHS = "$(inherited) @executable_path/Frameworks";
				PRODUCT_NAME = "$(TARGET_NAME)";
			};
			name = Debug;
		};
		22B3702B19F808C80027AD63 /* Release */ = {
			isa = XCBuildConfiguration;
			buildSettings = {
				ASSETCATALOG_COMPILER_APPICON_NAME = AppIcon;
				INFOPLIST_FILE = FacebookDemo/Info.plist;
				LD_RUNPATH_SEARCH_PATHS = "$(inherited) @executable_path/Frameworks";
				PRODUCT_NAME = "$(TARGET_NAME)";
			};
			name = Release;
		};
		22B3702D19F808C80027AD63 /* Debug */ = {
			isa = XCBuildConfiguration;
			buildSettings = {
				BUNDLE_LOADER = "$(TEST_HOST)";
				FRAMEWORK_SEARCH_PATHS = (
					"$(SDKROOT)/Developer/Library/Frameworks",
					"$(inherited)",
				);
				GCC_PREPROCESSOR_DEFINITIONS = (
					"DEBUG=1",
					"$(inherited)",
				);
				INFOPLIST_FILE = FacebookDemoTests/Info.plist;
				LD_RUNPATH_SEARCH_PATHS = "$(inherited) @executable_path/Frameworks @loader_path/Frameworks";
				PRODUCT_NAME = "$(TARGET_NAME)";
				TEST_HOST = "$(BUILT_PRODUCTS_DIR)/FacebookDemo.app/FacebookDemo";
			};
			name = Debug;
		};
		22B3702E19F808C80027AD63 /* Release */ = {
			isa = XCBuildConfiguration;
			buildSettings = {
				BUNDLE_LOADER = "$(TEST_HOST)";
				FRAMEWORK_SEARCH_PATHS = (
					"$(SDKROOT)/Developer/Library/Frameworks",
					"$(inherited)",
				);
				INFOPLIST_FILE = FacebookDemoTests/Info.plist;
				LD_RUNPATH_SEARCH_PATHS = "$(inherited) @executable_path/Frameworks @loader_path/Frameworks";
				PRODUCT_NAME = "$(TARGET_NAME)";
				TEST_HOST = "$(BUILT_PRODUCTS_DIR)/FacebookDemo.app/FacebookDemo";
			};
			name = Release;
		};
/* End XCBuildConfiguration section */

/* Begin XCConfigurationList section */
		22B3700119F808C80027AD63 /* Build configuration list for PBXProject "FacebookDemo" */ = {
			isa = XCConfigurationList;
			buildConfigurations = (
				22B3702719F808C80027AD63 /* Debug */,
				22B3702819F808C80027AD63 /* Release */,
			);
			defaultConfigurationIsVisible = 0;
			defaultConfigurationName = Release;
		};
		22B3702919F808C80027AD63 /* Build configuration list for PBXNativeTarget "FacebookDemo" */ = {
			isa = XCConfigurationList;
			buildConfigurations = (
				22B3702A19F808C80027AD63 /* Debug */,
				22B3702B19F808C80027AD63 /* Release */,
			);
			defaultConfigurationIsVisible = 0;
		};
		22B3702C19F808C80027AD63 /* Build configuration list for PBXNativeTarget "FacebookDemoTests" */ = {
			isa = XCConfigurationList;
			buildConfigurations = (
				22B3702D19F808C80027AD63 /* Debug */,
				22B3702E19F808C80027AD63 /* Release */,
			);
			defaultConfigurationIsVisible = 0;
		};
/* End XCConfigurationList section */
	};
	rootObject = 22B36FFE19F808C80027AD63 /* Project object */;
}
